
Microsoft Visual Studio Solution File, Format Version 12.00
# Visual Studio Version 17
VisualStudioVersion = 17.0.31912.275
MinimumVisualStudioVersion = 10.0.40219.1
Project("{9A19103F-16F7-4668-BE54-9A1E7A4F7556}") = "MaybeResult", "MaybeResult\MaybeResult.csproj", "{1A6C2089-7BBF-4248-AB06-A584D2BE8784}"
EndProject
Project("{9A19103F-16F7-4668-BE54-9A1E7A4F7556}") = "MaybeResult.Sample", "MaybeResult.Sample\MaybeResult.Sample.csproj", "{99D20143-7113-498E-B014-603C8DD96FB2}"
EndProject
Global
	GlobalSection(SolutionConfigurationPlatforms) = preSolution
		Debug|Any CPU = Debug|Any CPU
		Release|Any CPU = Release|Any CPU
	EndGlobalSection
	GlobalSection(ProjectConfigurationPlatforms) = postSolution
		{1A6C2089-7BBF-4248-AB06-A584D2BE8784}.Debug|Any CPU.ActiveCfg = Debug|Any CPU
		{1A6C2089-7BBF-4248-AB06-A584D2BE8784}.Debug|Any CPU.Build.0 = Debug|Any CPU
		{1A6C2089-7BBF-4248-AB06-A584D2BE8784}.Release|Any CPU.ActiveCfg = Release|Any CPU
		{1A6C2089-7BBF-4248-AB06-A584D2BE8784}.Release|Any CPU.Build.0 = Release|Any CPU
		{99D20143-7113-498E-B014-603C8DD96FB2}.Debug|Any CPU.ActiveCfg = Debug|Any CPU
		{99D20143-7113-498E-B014-603C8DD96FB2}.Debug|Any CPU.Build.0 = Debug|Any CPU
		{99D20143-7113-498E-B014-603C8DD96FB2}.Release|Any CPU.ActiveCfg = Release|Any CPU
		{99D20143-7113-498E-B014-603C8DD96FB2}.Release|Any CPU.Build.0 = Release|Any CPU
	EndGlobalSection
	GlobalSection(SolutionProperties) = preSolution
		HideSolutionNode = FALSE
	EndGlobalSection
	GlobalSection(ExtensibilityGlobals) = postSolution
		SolutionGuid = {3DD5E32A-3FE9-4FBF-ADB7-580F9E27C486}
	EndGlobalSection
EndGlobal
